
Microsoft Visual Studio Solution File, Format Version 12.00
# Visual Studio Version 16
VisualStudioVersion = 25.0.1705.1
MinimumVisualStudioVersion = 10.0.40219.1
Project("{FAE04EC0-301F-11D3-BF4B-00C04F79EFBC}") = "codefactor.Networking", "codefactor.Networking\codefactor.Networking.csproj", "{FB89A1D0-E1B5-4AF0-9777-E91C6705F8D8}"
EndProject
Global
	GlobalSection(SolutionConfigurationPlatforms) = preSolution
		Debug|Any CPU = Debug|Any CPU
		Release|Any CPU = Release|Any CPU
	EndGlobalSection
	GlobalSection(ProjectConfigurationPlatforms) = postSolution
		{FB89A1D0-E1B5-4AF0-9777-E91C6705F8D8}.Debug|Any CPU.ActiveCfg = Debug|Any CPU
		{FB89A1D0-E1B5-4AF0-9777-E91C6705F8D8}.Debug|Any CPU.Build.0 = Debug|Any CPU
		{FB89A1D0-E1B5-4AF0-9777-E91C6705F8D8}.Release|Any CPU.ActiveCfg = Release|Any CPU
		{FB89A1D0-E1B5-4AF0-9777-E91C6705F8D8}.Release|Any CPU.Build.0 = Release|Any CPU
	EndGlobalSection
	GlobalSection(SolutionProperties) = preSolution
		HideSolutionNode = FALSE
	EndGlobalSection
	GlobalSection(ExtensibilityGlobals) = postSolution
		SolutionGuid = {CC1A6D44-6197-45D0-AE65-F4D3E404AA47}
	EndGlobalSection
EndGlobal
